
Microsoft Visual Studio Solution File, Format Version 12.00
# Visual Studio Version 17
VisualStudioVersion = 17.4.33403.182
MinimumVisualStudioVersion = 10.0.40219.1
Project("{2150E333-8FDC-42A3-9474-1A3956D46DE8}") = "src", "src", "{025EA25C-43EC-4501-9C54-BCA805B39704}"
EndProject
Project("{2150E333-8FDC-42A3-9474-1A3956D46DE8}") = "Core", "Core", "{139894AC-60EF-4E3C-A94C-E0E67688B9C0}"
EndProject
Project("{2150E333-8FDC-42A3-9474-1A3956D46DE8}") = "Infrastructure", "Infrastructure", "{5211A69C-5087-4C93-A390-D326BDA6D092}"
EndProject
Project("{2150E333-8FDC-42A3-9474-1A3956D46DE8}") = "Presentation", "Presentation", "{2A4E3BB0-8F47-4ACC-B11B-EED05EE7571B}"
EndProject
Project("{9A19103F-16F7-4668-BE54-9A1E7A4F7556}") = "BooksManager.Core.Application", "Application\BooksManager.Core.Application.csproj", "{28A6BB1F-3380-43E8-88B4-CB11898C34B4}"
EndProject
Project("{9A19103F-16F7-4668-BE54-9A1E7A4F7556}") = "BooksManager.Infrastructure.Persistece", "Persistence\BooksManager.Infrastructure.Persistece.csproj", "{B7DA26CC-4476-48C8-A72A-15C4B1F6CA46}"
EndProject
Project("{9A19103F-16F7-4668-BE54-9A1E7A4F7556}") = "BooksManager.Infrastructure.Shared", "Shared\BooksManager.Infrastructure.Shared.csproj", "{53C6CE24-28E1-488E-AA75-6F679FD9A1E5}"
EndProject
Project("{9A19103F-16F7-4668-BE54-9A1E7A4F7556}") = "BooksManager.Presentation.Api", "Api\BooksManager.Presentation.Api.csproj", "{001CEC40-15C1-4B56-A02C-F84971072514}"
EndProject
Project("{9A19103F-16F7-4668-BE54-9A1E7A4F7556}") = "BooksManager.Core.Domain", "Domain\BooksManager.Core.Domain.csproj", "{B392696B-63D4-4D3E-89B1-E1CE48DD0EE9}"
EndProject
Global
	GlobalSection(SolutionConfigurationPlatforms) = preSolution
		Debug|Any CPU = Debug|Any CPU
		Release|Any CPU = Release|Any CPU
	EndGlobalSection
	GlobalSection(ProjectConfigurationPlatforms) = postSolution
		{28A6BB1F-3380-43E8-88B4-CB11898C34B4}.Debug|Any CPU.ActiveCfg = Debug|Any CPU
		{28A6BB1F-3380-43E8-88B4-CB11898C34B4}.Debug|Any CPU.Build.0 = Debug|Any CPU
		{28A6BB1F-3380-43E8-88B4-CB11898C34B4}.Release|Any CPU.ActiveCfg = Release|Any CPU
		{28A6BB1F-3380-43E8-88B4-CB11898C34B4}.Release|Any CPU.Build.0 = Release|Any CPU
		{B7DA26CC-4476-48C8-A72A-15C4B1F6CA46}.Debug|Any CPU.ActiveCfg = Debug|Any CPU
		{B7DA26CC-4476-48C8-A72A-15C4B1F6CA46}.Debug|Any CPU.Build.0 = Debug|Any CPU
		{B7DA26CC-4476-48C8-A72A-15C4B1F6CA46}.Release|Any CPU.ActiveCfg = Release|Any CPU
		{B7DA26CC-4476-48C8-A72A-15C4B1F6CA46}.Release|Any CPU.Build.0 = Release|Any CPU
		{53C6CE24-28E1-488E-AA75-6F679FD9A1E5}.Debug|Any CPU.ActiveCfg = Debug|Any CPU
		{53C6CE24-28E1-488E-AA75-6F679FD9A1E5}.Debug|Any CPU.Build.0 = Debug|Any CPU
		{53C6CE24-28E1-488E-AA75-6F679FD9A1E5}.Release|Any CPU.ActiveCfg = Release|Any CPU
		{53C6CE24-28E1-488E-AA75-6F679FD9A1E5}.Release|Any CPU.Build.0 = Release|Any CPU
		{001CEC40-15C1-4B56-A02C-F84971072514}.Debug|Any CPU.ActiveCfg = Debug|Any CPU
		{001CEC40-15C1-4B56-A02C-F84971072514}.Debug|Any CPU.Build.0 = Debug|Any CPU
		{001CEC40-15C1-4B56-A02C-F84971072514}.Release|Any CPU.ActiveCfg = Release|Any CPU
		{001CEC40-15C1-4B56-A02C-F84971072514}.Release|Any CPU.Build.0 = Release|Any CPU
		{B392696B-63D4-4D3E-89B1-E1CE48DD0EE9}.Debug|Any CPU.ActiveCfg = Debug|Any CPU
		{B392696B-63D4-4D3E-89B1-E1CE48DD0EE9}.Debug|Any CPU.Build.0 = Debug|Any CPU
		{B392696B-63D4-4D3E-89B1-E1CE48DD0EE9}.Release|Any CPU.ActiveCfg = Release|Any CPU
		{B392696B-63D4-4D3E-89B1-E1CE48DD0EE9}.Release|Any CPU.Build.0 = Release|Any CPU
	EndGlobalSection
	GlobalSection(SolutionProperties) = preSolution
		HideSolutionNode = FALSE
	EndGlobalSection
	GlobalSection(NestedProjects) = preSolution
		{139894AC-60EF-4E3C-A94C-E0E67688B9C0} = {025EA25C-43EC-4501-9C54-BCA805B39704}
		{5211A69C-5087-4C93-A390-D326BDA6D092} = {025EA25C-43EC-4501-9C54-BCA805B39704}
		{2A4E3BB0-8F47-4ACC-B11B-EED05EE7571B} = {025EA25C-43EC-4501-9C54-BCA805B39704}
		{28A6BB1F-3380-43E8-88B4-CB11898C34B4} = {139894AC-60EF-4E3C-A94C-E0E67688B9C0}
		{B7DA26CC-4476-48C8-A72A-15C4B1F6CA46} = {5211A69C-5087-4C93-A390-D326BDA6D092}
		{53C6CE24-28E1-488E-AA75-6F679FD9A1E5} = {5211A69C-5087-4C93-A390-D326BDA6D092}
		{001CEC40-15C1-4B56-A02C-F84971072514} = {2A4E3BB0-8F47-4ACC-B11B-EED05EE7571B}
		{B392696B-63D4-4D3E-89B1-E1CE48DD0EE9} = {139894AC-60EF-4E3C-A94C-E0E67688B9C0}
	EndGlobalSection
	GlobalSection(ExtensibilityGlobals) = postSolution
		SolutionGuid = {44814E76-5743-44CD-8648-062D7BEB3292}
	EndGlobalSection
EndGlobal
