
Microsoft Visual Studio Solution File, Format Version 12.00
# Visual Studio Version 17
VisualStudioVersion = 17.4.33403.182
MinimumVisualStudioVersion = 10.0.40219.1
Project("{2150E333-8FDC-42A3-9474-1A3956D46DE8}") = "src", "src", "{025EA25C-43EC-4501-9C54-BCA805B39704}"
EndProject
Project("{2150E333-8FDC-42A3-9474-1A3956D46DE8}") = "Core", "Core", "{139894AC-60EF-4E3C-A94C-E0E67688B9C0}"
EndProject
Project("{2150E333-8FDC-42A3-9474-1A3956D46DE8}") = "Infrastructure", "Infrastructure", "{5211A69C-5087-4C93-A390-D326BDA6D092}"
EndProject
Project("{2150E333-8FDC-42A3-9474-1A3956D46DE8}") = "Presentation", "Presentation", "{2A4E3BB0-8F47-4ACC-B11B-EED05EE7571B}"
EndProject
Project("{9A19103F-16F7-4668-BE54-9A1E7A4F7556}") = "BooksManager.Core.Application", "BooksManager.Core.Application\BooksManager.Core.Application.csproj", "{23FF858E-3E09-4A40-830D-084243F54364}"
EndProject
Project("{9A19103F-16F7-4668-BE54-9A1E7A4F7556}") = "BooksManager.Core.Domain", "BooksManager.Core.Domain\BooksManager.Core.Domain.csproj", "{63EA5BB9-37CE-445D-8A5E-0B36BDCB5DA9}"
EndProject
Project("{9A19103F-16F7-4668-BE54-9A1E7A4F7556}") = "BooksManager.Infrastructure.Persistece", "BooksManager.Infrastructure.Persistece\BooksManager.Infrastructure.Persistece.csproj", "{265D2B9A-468B-4D71-A07F-8FF3426223F5}"
EndProject
Project("{9A19103F-16F7-4668-BE54-9A1E7A4F7556}") = "BooksManager.Infrastructure.Shared", "BooksManager.Infrastructure.Shared\BooksManager.Infrastructure.Shared.csproj", "{CE2645D2-F71E-4EB6-883C-F9B17FE76CF5}"
EndProject
Project("{9A19103F-16F7-4668-BE54-9A1E7A4F7556}") = "BooksManager.Presentation.Api", "BooksManager.Presentation.Api\BooksManager.Presentation.Api.csproj", "{84AE0BC3-8F36-4DF5-BD03-8EB2B74C0CC7}"
EndProject
Project("{FAE04EC0-301F-11D3-BF4B-00C04F79EFBC}") = "BooksManager.Infrastructure.Identity", "BooksManager.Infrastructure.Identity\BooksManager.Infrastructure.Identity.csproj", "{B70CC7BD-BF81-4305-9ABD-ECCD4B1DD5C0}"
EndProject
Global
	GlobalSection(SolutionConfigurationPlatforms) = preSolution
		Debug|Any CPU = Debug|Any CPU
		Release|Any CPU = Release|Any CPU
	EndGlobalSection
	GlobalSection(ProjectConfigurationPlatforms) = postSolution
		{23FF858E-3E09-4A40-830D-084243F54364}.Debug|Any CPU.ActiveCfg = Debug|Any CPU
		{23FF858E-3E09-4A40-830D-084243F54364}.Debug|Any CPU.Build.0 = Debug|Any CPU
		{23FF858E-3E09-4A40-830D-084243F54364}.Release|Any CPU.ActiveCfg = Release|Any CPU
		{23FF858E-3E09-4A40-830D-084243F54364}.Release|Any CPU.Build.0 = Release|Any CPU
		{63EA5BB9-37CE-445D-8A5E-0B36BDCB5DA9}.Debug|Any CPU.ActiveCfg = Debug|Any CPU
		{63EA5BB9-37CE-445D-8A5E-0B36BDCB5DA9}.Debug|Any CPU.Build.0 = Debug|Any CPU
		{63EA5BB9-37CE-445D-8A5E-0B36BDCB5DA9}.Release|Any CPU.ActiveCfg = Release|Any CPU
		{63EA5BB9-37CE-445D-8A5E-0B36BDCB5DA9}.Release|Any CPU.Build.0 = Release|Any CPU
		{265D2B9A-468B-4D71-A07F-8FF3426223F5}.Debug|Any CPU.ActiveCfg = Debug|Any CPU
		{265D2B9A-468B-4D71-A07F-8FF3426223F5}.Debug|Any CPU.Build.0 = Debug|Any CPU
		{265D2B9A-468B-4D71-A07F-8FF3426223F5}.Release|Any CPU.ActiveCfg = Release|Any CPU
		{265D2B9A-468B-4D71-A07F-8FF3426223F5}.Release|Any CPU.Build.0 = Release|Any CPU
		{CE2645D2-F71E-4EB6-883C-F9B17FE76CF5}.Debug|Any CPU.ActiveCfg = Debug|Any CPU
		{CE2645D2-F71E-4EB6-883C-F9B17FE76CF5}.Debug|Any CPU.Build.0 = Debug|Any CPU
		{CE2645D2-F71E-4EB6-883C-F9B17FE76CF5}.Release|Any CPU.ActiveCfg = Release|Any CPU
		{CE2645D2-F71E-4EB6-883C-F9B17FE76CF5}.Release|Any CPU.Build.0 = Release|Any CPU
		{84AE0BC3-8F36-4DF5-BD03-8EB2B74C0CC7}.Debug|Any CPU.ActiveCfg = Debug|Any CPU
		{84AE0BC3-8F36-4DF5-BD03-8EB2B74C0CC7}.Debug|Any CPU.Build.0 = Debug|Any CPU
		{84AE0BC3-8F36-4DF5-BD03-8EB2B74C0CC7}.Release|Any CPU.ActiveCfg = Release|Any CPU
		{84AE0BC3-8F36-4DF5-BD03-8EB2B74C0CC7}.Release|Any CPU.Build.0 = Release|Any CPU
		{B70CC7BD-BF81-4305-9ABD-ECCD4B1DD5C0}.Debug|Any CPU.ActiveCfg = Debug|Any CPU
		{B70CC7BD-BF81-4305-9ABD-ECCD4B1DD5C0}.Debug|Any CPU.Build.0 = Debug|Any CPU
		{B70CC7BD-BF81-4305-9ABD-ECCD4B1DD5C0}.Release|Any CPU.ActiveCfg = Release|Any CPU
		{B70CC7BD-BF81-4305-9ABD-ECCD4B1DD5C0}.Release|Any CPU.Build.0 = Release|Any CPU
	EndGlobalSection
	GlobalSection(SolutionProperties) = preSolution
		HideSolutionNode = FALSE
	EndGlobalSection
	GlobalSection(NestedProjects) = preSolution
		{139894AC-60EF-4E3C-A94C-E0E67688B9C0} = {025EA25C-43EC-4501-9C54-BCA805B39704}
		{5211A69C-5087-4C93-A390-D326BDA6D092} = {025EA25C-43EC-4501-9C54-BCA805B39704}
		{2A4E3BB0-8F47-4ACC-B11B-EED05EE7571B} = {025EA25C-43EC-4501-9C54-BCA805B39704}
		{23FF858E-3E09-4A40-830D-084243F54364} = {139894AC-60EF-4E3C-A94C-E0E67688B9C0}
		{63EA5BB9-37CE-445D-8A5E-0B36BDCB5DA9} = {139894AC-60EF-4E3C-A94C-E0E67688B9C0}
		{265D2B9A-468B-4D71-A07F-8FF3426223F5} = {5211A69C-5087-4C93-A390-D326BDA6D092}
		{CE2645D2-F71E-4EB6-883C-F9B17FE76CF5} = {5211A69C-5087-4C93-A390-D326BDA6D092}
		{84AE0BC3-8F36-4DF5-BD03-8EB2B74C0CC7} = {2A4E3BB0-8F47-4ACC-B11B-EED05EE7571B}
		{B70CC7BD-BF81-4305-9ABD-ECCD4B1DD5C0} = {5211A69C-5087-4C93-A390-D326BDA6D092}
	EndGlobalSection
	GlobalSection(ExtensibilityGlobals) = postSolution
		SolutionGuid = {44814E76-5743-44CD-8648-062D7BEB3292}
	EndGlobalSection
EndGlobal
